
Microsoft Visual Studio Solution File, Format Version 12.00
# Visual Studio Version 17
VisualStudioVersion = 17.0.31903.59
MinimumVisualStudioVersion = 10.0.40219.1
Project("{2150E333-8FDC-42A3-9474-1A3956D46DE8}") = "src", "src", "{827E0CD3-B72D-47B6-A68D-7590B98EB39B}"
EndProject
Project("{FAE04EC0-301F-11D3-BF4B-00C04F79EFBC}") = "StockChef.Api", "src\StockChef.Api\StockChef.Api.csproj", "{8D93CD96-9072-4B6E-B9BA-2BBD20F88BE8}"
EndProject
Project("{FAE04EC0-301F-11D3-BF4B-00C04F79EFBC}") = "StockChef.Application", "src\StockChef.Application\StockChef.Application.csproj", "{F581CE9C-7222-485C-8190-C08A653B8AB2}"
EndProject
Project("{FAE04EC0-301F-11D3-BF4B-00C04F79EFBC}") = "StockChef.Domain", "src\StockChef.Domain\StockChef.Domain.csproj", "{83241C26-5D73-4775-ACFC-E8116AEA3207}"
EndProject
Project("{FAE04EC0-301F-11D3-BF4B-00C04F79EFBC}") = "StockChef.Infrastructure", "src\StockChef.Infrastructure\StockChef.Infrastructure.csproj", "{58034C28-175C-4340-B873-0245BCA57349}"
EndProject
Project("{2150E333-8FDC-42A3-9474-1A3956D46DE8}") = "tests", "tests", "{0AB3BF05-4346-4AA6-1389-037BE0695223}"
EndProject
Project("{FAE04EC0-301F-11D3-BF4B-00C04F79EFBC}") = "StockChef.UnitTests", "tests\StockChef.UnitTests\StockChef.UnitTests.csproj", "{271C7F1A-5CC5-4795-A97B-EFAEE2FE817E}"
EndProject
Project("{FAE04EC0-301F-11D3-BF4B-00C04F79EFBC}") = "StockChef.IntegrationTests", "tests\StockChef.IntegrationTests\StockChef.IntegrationTests.csproj", "{3B6DC08E-0CEF-4B2D-9ED6-837B6C97BDE9}"
EndProject
Global
	GlobalSection(SolutionConfigurationPlatforms) = preSolution
		Debug|Any CPU = Debug|Any CPU
		Debug|x64 = Debug|x64
		Debug|x86 = Debug|x86
		Release|Any CPU = Release|Any CPU
		Release|x64 = Release|x64
		Release|x86 = Release|x86
	EndGlobalSection
	GlobalSection(ProjectConfigurationPlatforms) = postSolution
		{8D93CD96-9072-4B6E-B9BA-2BBD20F88BE8}.Debug|Any CPU.ActiveCfg = Debug|Any CPU
		{8D93CD96-9072-4B6E-B9BA-2BBD20F88BE8}.Debug|Any CPU.Build.0 = Debug|Any CPU
		{8D93CD96-9072-4B6E-B9BA-2BBD20F88BE8}.Debug|x64.ActiveCfg = Debug|Any CPU
		{8D93CD96-9072-4B6E-B9BA-2BBD20F88BE8}.Debug|x64.Build.0 = Debug|Any CPU
		{8D93CD96-9072-4B6E-B9BA-2BBD20F88BE8}.Debug|x86.ActiveCfg = Debug|Any CPU
		{8D93CD96-9072-4B6E-B9BA-2BBD20F88BE8}.Debug|x86.Build.0 = Debug|Any CPU
		{8D93CD96-9072-4B6E-B9BA-2BBD20F88BE8}.Release|Any CPU.ActiveCfg = Release|Any CPU
		{8D93CD96-9072-4B6E-B9BA-2BBD20F88BE8}.Release|Any CPU.Build.0 = Release|Any CPU
		{8D93CD96-9072-4B6E-B9BA-2BBD20F88BE8}.Release|x64.ActiveCfg = Release|Any CPU
		{8D93CD96-9072-4B6E-B9BA-2BBD20F88BE8}.Release|x64.Build.0 = Release|Any CPU
		{8D93CD96-9072-4B6E-B9BA-2BBD20F88BE8}.Release|x86.ActiveCfg = Release|Any CPU
		{8D93CD96-9072-4B6E-B9BA-2BBD20F88BE8}.Release|x86.Build.0 = Release|Any CPU
		{F581CE9C-7222-485C-8190-C08A653B8AB2}.Debug|Any CPU.ActiveCfg = Debug|Any CPU
		{F581CE9C-7222-485C-8190-C08A653B8AB2}.Debug|Any CPU.Build.0 = Debug|Any CPU
		{F581CE9C-7222-485C-8190-C08A653B8AB2}.Debug|x64.ActiveCfg = Debug|Any CPU
		{F581CE9C-7222-485C-8190-C08A653B8AB2}.Debug|x64.Build.0 = Debug|Any CPU
		{F581CE9C-7222-485C-8190-C08A653B8AB2}.Debug|x86.ActiveCfg = Debug|Any CPU
		{F581CE9C-7222-485C-8190-C08A653B8AB2}.Debug|x86.Build.0 = Debug|Any CPU
		{F581CE9C-7222-485C-8190-C08A653B8AB2}.Release|Any CPU.ActiveCfg = Release|Any CPU
		{F581CE9C-7222-485C-8190-C08A653B8AB2}.Release|Any CPU.Build.0 = Release|Any CPU
		{F581CE9C-7222-485C-8190-C08A653B8AB2}.Release|x64.ActiveCfg = Release|Any CPU
		{F581CE9C-7222-485C-8190-C08A653B8AB2}.Release|x64.Build.0 = Release|Any CPU
		{F581CE9C-7222-485C-8190-C08A653B8AB2}.Release|x86.ActiveCfg = Release|Any CPU
		{F581CE9C-7222-485C-8190-C08A653B8AB2}.Release|x86.Build.0 = Release|Any CPU
		{83241C26-5D73-4775-ACFC-E8116AEA3207}.Debug|Any CPU.ActiveCfg = Debug|Any CPU
		{83241C26-5D73-4775-ACFC-E8116AEA3207}.Debug|Any CPU.Build.0 = Debug|Any CPU
		{83241C26-5D73-4775-ACFC-E8116AEA3207}.Debug|x64.ActiveCfg = Debug|Any CPU
		{83241C26-5D73-4775-ACFC-E8116AEA3207}.Debug|x64.Build.0 = Debug|Any CPU
		{83241C26-5D73-4775-ACFC-E8116AEA3207}.Debug|x86.ActiveCfg = Debug|Any CPU
		{83241C26-5D73-4775-ACFC-E8116AEA3207}.Debug|x86.Build.0 = Debug|Any CPU
		{83241C26-5D73-4775-ACFC-E8116AEA3207}.Release|Any CPU.ActiveCfg = Release|Any CPU
		{83241C26-5D73-4775-ACFC-E8116AEA3207}.Release|Any CPU.Build.0 = Release|Any CPU
		{83241C26-5D73-4775-ACFC-E8116AEA3207}.Release|x64.ActiveCfg = Release|Any CPU
		{83241C26-5D73-4775-ACFC-E8116AEA3207}.Release|x64.Build.0 = Release|Any CPU
		{83241C26-5D73-4775-ACFC-E8116AEA3207}.Release|x86.ActiveCfg = Release|Any CPU
		{83241C26-5D73-4775-ACFC-E8116AEA3207}.Release|x86.Build.0 = Release|Any CPU
		{58034C28-175C-4340-B873-0245BCA57349}.Debug|Any CPU.ActiveCfg = Debug|Any CPU
		{58034C28-175C-4340-B873-0245BCA57349}.Debug|Any CPU.Build.0 = Debug|Any CPU
		{58034C28-175C-4340-B873-0245BCA57349}.Debug|x64.ActiveCfg = Debug|Any CPU
		{58034C28-175C-4340-B873-0245BCA57349}.Debug|x64.Build.0 = Debug|Any CPU
		{58034C28-175C-4340-B873-0245BCA57349}.Debug|x86.ActiveCfg = Debug|Any CPU
		{58034C28-175C-4340-B873-0245BCA57349}.Debug|x86.Build.0 = Debug|Any CPU
		{58034C28-175C-4340-B873-0245BCA57349}.Release|Any CPU.ActiveCfg = Release|Any CPU
		{58034C28-175C-4340-B873-0245BCA57349}.Release|Any CPU.Build.0 = Release|Any CPU
		{58034C28-175C-4340-B873-0245BCA57349}.Release|x64.ActiveCfg = Release|Any CPU
		{58034C28-175C-4340-B873-0245BCA57349}.Release|x64.Build.0 = Release|Any CPU
		{58034C28-175C-4340-B873-0245BCA57349}.Release|x86.ActiveCfg = Release|Any CPU
		{58034C28-175C-4340-B873-0245BCA57349}.Release|x86.Build.0 = Release|Any CPU
		{271C7F1A-5CC5-4795-A97B-EFAEE2FE817E}.Debug|Any CPU.ActiveCfg = Debug|Any CPU
		{271C7F1A-5CC5-4795-A97B-EFAEE2FE817E}.Debug|Any CPU.Build.0 = Debug|Any CPU
		{271C7F1A-5CC5-4795-A97B-EFAEE2FE817E}.Debug|x64.ActiveCfg = Debug|Any CPU
		{271C7F1A-5CC5-4795-A97B-EFAEE2FE817E}.Debug|x64.Build.0 = Debug|Any CPU
		{271C7F1A-5CC5-4795-A97B-EFAEE2FE817E}.Debug|x86.ActiveCfg = Debug|Any CPU
		{271C7F1A-5CC5-4795-A97B-EFAEE2FE817E}.Debug|x86.Build.0 = Debug|Any CPU
		{271C7F1A-5CC5-4795-A97B-EFAEE2FE817E}.Release|Any CPU.ActiveCfg = Release|Any CPU
		{271C7F1A-5CC5-4795-A97B-EFAEE2FE817E}.Release|Any CPU.Build.0 = Release|Any CPU
		{271C7F1A-5CC5-4795-A97B-EFAEE2FE817E}.Release|x64.ActiveCfg = Release|Any CPU
		{271C7F1A-5CC5-4795-A97B-EFAEE2FE817E}.Release|x64.Build.0 = Release|Any CPU
		{271C7F1A-5CC5-4795-A97B-EFAEE2FE817E}.Release|x86.ActiveCfg = Release|Any CPU
		{271C7F1A-5CC5-4795-A97B-EFAEE2FE817E}.Release|x86.Build.0 = Release|Any CPU
		{3B6DC08E-0CEF-4B2D-9ED6-837B6C97BDE9}.Debug|Any CPU.ActiveCfg = Debug|Any CPU
		{3B6DC08E-0CEF-4B2D-9ED6-837B6C97BDE9}.Debug|Any CPU.Build.0 = Debug|Any CPU
		{3B6DC08E-0CEF-4B2D-9ED6-837B6C97BDE9}.Debug|x64.ActiveCfg = Debug|Any CPU
		{3B6DC08E-0CEF-4B2D-9ED6-837B6C97BDE9}.Debug|x64.Build.0 = Debug|Any CPU
		{3B6DC08E-0CEF-4B2D-9ED6-837B6C97BDE9}.Debug|x86.ActiveCfg = Debug|Any CPU
		{3B6DC08E-0CEF-4B2D-9ED6-837B6C97BDE9}.Debug|x86.Build.0 = Debug|Any CPU
		{3B6DC08E-0CEF-4B2D-9ED6-837B6C97BDE9}.Release|Any CPU.ActiveCfg = Release|Any CPU
		{3B6DC08E-0CEF-4B2D-9ED6-837B6C97BDE9}.Release|Any CPU.Build.0 = Release|Any CPU
		{3B6DC08E-0CEF-4B2D-9ED6-837B6C97BDE9}.Release|x64.ActiveCfg = Release|Any CPU
		{3B6DC08E-0CEF-4B2D-9ED6-837B6C97BDE9}.Release|x64.Build.0 = Release|Any CPU
		{3B6DC08E-0CEF-4B2D-9ED6-837B6C97BDE9}.Release|x86.ActiveCfg = Release|Any CPU
		{3B6DC08E-0CEF-4B2D-9ED6-837B6C97BDE9}.Release|x86.Build.0 = Release|Any CPU
	EndGlobalSection
	GlobalSection(SolutionProperties) = preSolution
		HideSolutionNode = FALSE
	EndGlobalSection
	GlobalSection(NestedProjects) = preSolution
		{8D93CD96-9072-4B6E-B9BA-2BBD20F88BE8} = {827E0CD3-B72D-47B6-A68D-7590B98EB39B}
		{F581CE9C-7222-485C-8190-C08A653B8AB2} = {827E0CD3-B72D-47B6-A68D-7590B98EB39B}
		{83241C26-5D73-4775-ACFC-E8116AEA3207} = {827E0CD3-B72D-47B6-A68D-7590B98EB39B}
		{58034C28-175C-4340-B873-0245BCA57349} = {827E0CD3-B72D-47B6-A68D-7590B98EB39B}
		{271C7F1A-5CC5-4795-A97B-EFAEE2FE817E} = {0AB3BF05-4346-4AA6-1389-037BE0695223}
		{3B6DC08E-0CEF-4B2D-9ED6-837B6C97BDE9} = {0AB3BF05-4346-4AA6-1389-037BE0695223}
	EndGlobalSection
EndGlobal
